
Microsoft Visual Studio Solution File, Format Version 12.00
# Visual Studio Version 17
VisualStudioVersion = 17.11.35431.28
MinimumVisualStudioVersion = 10.0.40219.1
Project("{FAE04EC0-301F-11D3-BF4B-00C04F79EFBC}") = "ChatAppApi", "ChatAppApi.csproj", "{1E682C41-A619-47F1-B936-38E9E2798F70}"
EndProject
Project("{FAE04EC0-301F-11D3-BF4B-00C04F79EFBC}") = "Data", "..\Data\Data.csproj", "{BEC3B335-55F6-442F-AB46-C798D8A0DBF3}"
EndProject
Global
	GlobalSection(SolutionConfigurationPlatforms) = preSolution
		Debug|Any CPU = Debug|Any CPU
		Release|Any CPU = Release|Any CPU
	EndGlobalSection
	GlobalSection(ProjectConfigurationPlatforms) = postSolution
		{1E682C41-A619-47F1-B936-38E9E2798F70}.Debug|Any CPU.ActiveCfg = Debug|Any CPU
		{1E682C41-A619-47F1-B936-38E9E2798F70}.Debug|Any CPU.Build.0 = Debug|Any CPU
		{1E682C41-A619-47F1-B936-38E9E2798F70}.Release|Any CPU.ActiveCfg = Release|Any CPU
		{1E682C41-A619-47F1-B936-38E9E2798F70}.Release|Any CPU.Build.0 = Release|Any CPU
		{BEC3B335-55F6-442F-AB46-C798D8A0DBF3}.Debug|Any CPU.ActiveCfg = Debug|Any CPU
		{BEC3B335-55F6-442F-AB46-C798D8A0DBF3}.Debug|Any CPU.Build.0 = Debug|Any CPU
		{BEC3B335-55F6-442F-AB46-C798D8A0DBF3}.Release|Any CPU.ActiveCfg = Release|Any CPU
		{BEC3B335-55F6-442F-AB46-C798D8A0DBF3}.Release|Any CPU.Build.0 = Release|Any CPU
	EndGlobalSection
	GlobalSection(SolutionProperties) = preSolution
		HideSolutionNode = FALSE
	EndGlobalSection
	GlobalSection(ExtensibilityGlobals) = postSolution
		SolutionGuid = {3C908234-B09B-4207-8266-7EC77C0FCF6A}
	EndGlobalSection
EndGlobal
